
Microsoft Visual Studio Solution File, Format Version 12.00
# Visual Studio Version 17
VisualStudioVersion = 17.0.31912.275
MinimumVisualStudioVersion = 10.0.40219.1
Project("{FAE04EC0-301F-11D3-BF4B-00C04F79EFBC}") = "EnviroMonitor", "EnviroMonitor\EnviroMonitor.csproj", "{21DF5437-7713-4FC7-9B48-283902BB7BED}"
EndProject
Global
	GlobalSection(SolutionConfigurationPlatforms) = preSolution
		Debug|Any CPU = Debug|Any CPU
		Release|Any CPU = Release|Any CPU
	EndGlobalSection
	GlobalSection(ProjectConfigurationPlatforms) = postSolution
		{21DF5437-7713-4FC7-9B48-283902BB7BED}.Debug|Any CPU.ActiveCfg = Debug|Any CPU
		{21DF5437-7713-4FC7-9B48-283902BB7BED}.Debug|Any CPU.Build.0 = Debug|Any CPU
		{21DF5437-7713-4FC7-9B48-283902BB7BED}.Release|Any CPU.ActiveCfg = Release|Any CPU
		{21DF5437-7713-4FC7-9B48-283902BB7BED}.Release|Any CPU.Build.0 = Release|Any CPU
	EndGlobalSection
	GlobalSection(SolutionProperties) = preSolution
		HideSolutionNode = FALSE
	EndGlobalSection
	GlobalSection(ExtensibilityGlobals) = postSolution
		SolutionGuid = {5C7A8988-3926-43EC-BB80-F3E0C9614EE2}
	EndGlobalSection
EndGlobal
